// !$*UTF8*$!
{
	archiveVersion = 1;
	classes = {
	};
	objectVersion = 46;
	objects = {

/* Begin PBXBuildFile section */
		D470215A1DD95D400010D7A2 /* main.cpp in Sources */ = {isa = PBXBuildFile; fileRef = D47021591DD95D400010D7A2 /* main.cpp */; };
		D47021621DD95D770010D7A2 /* Car.cpp in Sources */ = {isa = PBXBuildFile; fileRef = D47021601DD95D770010D7A2 /* Car.cpp */; };
/* End PBXBuildFile section */

/* Begin PBXCopyFilesBuildPhase section */
		D47021541DD95D400010D7A2 /* CopyFiles */ = {
			isa = PBXCopyFilesBuildPhase;
			buildActionMask = 2147483647;
			dstPath = /usr/share/man/man1/;
			dstSubfolderSpec = 0;
			files = (
			);
			runOnlyForDeploymentPostprocessing = 1;
		};
/* End PBXCopyFilesBuildPhase section */

/* Begin PBXFileReference section */
		D47021561DD95D400010D7A2 /* Car Dealership Lab */ = {isa = PBXFileReference; explicitFileType = "compiled.mach-o.executable"; includeInIndex = 0; path = "Car Dealership Lab"; sourceTree = BUILT_PRODUCTS_DIR; };
		D47021591DD95D400010D7A2 /* main.cpp */ = {isa = PBXFileReference; lastKnownFileType = sourcecode.cpp.cpp; path = main.cpp; sourceTree = "<group>"; };
		D47021601DD95D770010D7A2 /* Car.cpp */ = {isa = PBXFileReference; fileEncoding = 4; lastKnownFileType = sourcecode.cpp.cpp; name = Car.cpp; path = ../../../../Downloads/lab8/Car.cpp; sourceTree = "<group>"; };
		D47021611DD95D770010D7A2 /* Car.h */ = {isa = PBXFileReference; fileEncoding = 4; lastKnownFileType = sourcecode.c.h; name = Car.h; path = ../../../../Downloads/lab8/Car.h; sourceTree = "<group>"; };
/* End PBXFileReference section */

/* Begin PBXFrameworksBuildPhase section */
		D47021531DD95D400010D7A2 /* Frameworks */ = {
			isa = PBXFrameworksBuildPhase;
			buildActionMask = 2147483647;
			files = (
			);
			runOnlyForDeploymentPostprocessing = 0;
		};
/* End PBXFrameworksBuildPhase section */

/* Begin PBXGroup section */
		D470214D1DD95D400010D7A2 = {
			isa = PBXGroup;
			children = (
				D47021581DD95D400010D7A2 /* Car Dealership Lab */,
				D47021571DD95D400010D7A2 /* Products */,
			);
			sourceTree = "<group>";
		};
		D47021571DD95D400010D7A2 /* Products */ = {
			isa = PBXGroup;
			children = (
				D47021561DD95D400010D7A2 /* Car Dealership Lab */,
			);
			name = Products;
			sourceTree = "<group>";
		};
		D47021581DD95D400010D7A2 /* Car Dealership Lab */ = {
			isa = PBXGroup;
			children = (
				D47021591DD95D400010D7A2 /* main.cpp */,
				D47021601DD95D770010D7A2 /* Car.cpp */,
				D47021611DD95D770010D7A2 /* Car.h */,
			);
			path = "Car Dealership Lab";
			sourceTree = "<group>";
		};
/* End PBXGroup section */

/* Begin PBXNativeTarget section */
		D47021551DD95D400010D7A2 /* Car Dealership Lab */ = {
			isa = PBXNativeTarget;
			buildConfigurationList = D470215D1DD95D400010D7A2 /* Build configuration list for PBXNativeTarget "Car Dealership Lab" */;
			buildPhases = (
				D47021521DD95D400010D7A2 /* Sources */,
				D47021531DD95D400010D7A2 /* Frameworks */,
				D47021541DD95D400010D7A2 /* CopyFiles */,
			);
			buildRules = (
			);
			dependencies = (
			);
			name = "Car Dealership Lab";
			productName = "Car Dealership Lab";
			productReference = D47021561DD95D400010D7A2 /* Car Dealership Lab */;
			productType = "com.apple.product-type.tool";
		};
/* End PBXNativeTarget section */

/* Begin PBXProject section */
		D470214E1DD95D400010D7A2 /* Project object */ = {
			isa = PBXProject;
			attributes = {
				LastUpgradeCheck = 0810;
				ORGANIZATIONNAME = "Joey Ehlert";
				TargetAttributes = {
					D47021551DD95D400010D7A2 = {
						CreatedOnToolsVersion = 8.1;
						ProvisioningStyle = Automatic;
					};
				};
			};
			buildConfigurationList = D47021511DD95D400010D7A2 /* Build configuration list for PBXProject "Car Dealership Lab" */;
			compatibilityVersion = "Xcode 3.2";
			developmentRegion = English;
			hasScannedForEncodings = 0;
			knownRegions = (
				en,
			);
			mainGroup = D470214D1DD95D400010D7A2;
			productRefGroup = D47021571DD95D400010D7A2 /* Products */;
			projectDirPath = "";
			projectRoot = "";
			targets = (
				D47021551DD95D400010D7A2 /* Car Dealership Lab */,
			);
		};
/* End PBXProject section */

/* Begin PBXSourcesBuildPhase section */
		D47021521DD95D400010D7A2 /* Sources */ = {
			isa = PBXSourcesBuildPhase;
			buildActionMask = 2147483647;
			files = (
				D47021621DD95D770010D7A2 /* Car.cpp in Sources */,
				D470215A1DD95D400010D7A2 /* main.cpp in Sources */,
			);
			runOnlyForDeploymentPostprocessing = 0;
		};
/* End PBXSourcesBuildPhase section */

/* Begin XCBuildConfiguration section */
		D470215B1DD95D400010D7A2 /* Debug */ = {
			isa = XCBuildConfiguration;
			buildSettings = {
				ALWAYS_SEARCH_USER_PATHS = NO;
				CLANG_ANALYZER_NONNULL = YES;
				CLANG_CXX_LANGUAGE_STANDARD = "gnu++0x";
				CLANG_CXX_LIBRARY = "libc++";
				CLANG_ENABLE_MODULES = YES;
				CLANG_ENABLE_OBJC_ARC = YES;
				CLANG_WARN_BOOL_CONVERSION = YES;
				CLANG_WARN_CONSTANT_CONVERSION = YES;
				CLANG_WARN_DIRECT_OBJC_ISA_USAGE = YES_ERROR;
				CLANG_WARN_DOCUMENTATION_COMMENTS = YES;
				CLANG_WARN_EMPTY_BODY = YES;
				CLANG_WARN_ENUM_CONVERSION = YES;
				CLANG_WARN_INFINITE_RECURSION = YES;
				CLANG_WARN_INT_CONVERSION = YES;
				CLANG_WARN_OBJC_ROOT_CLASS = YES_ERROR;
				CLANG_WARN_SUSPICIOUS_MOVES = YES;
				CLANG_WARN_UNREACHABLE_CODE = YES;
				CLANG_WARN__DUPLICATE_METHOD_MATCH = YES;
				CODE_SIGN_IDENTITY = "-";
				COPY_PHASE_STRIP = NO;
				DEBUG_INFORMATION_FORMAT = dwarf;
				ENABLE_STRICT_OBJC_MSGSEND = YES;
				ENABLE_TESTABILITY = YES;
				GCC_C_LANGUAGE_STANDARD = gnu99;
				GCC_DYNAMIC_NO_PIC = NO;
				GCC_NO_COMMON_BLOCKS = YES;
				GCC_OPTIMIZATION_LEVEL = 0;
				GCC_PREPROCESSOR_DEFINITIONS = (
					"DEBUG=1",
					"$(inherited)",
				);
				GCC_WARN_64_TO_32_BIT_CONVERSION = YES;
				GCC_WARN_ABOUT_RETURN_TYPE = YES_ERROR;
				GCC_WARN_UNDECLARED_SELECTOR = YES;
				GCC_WARN_UNINITIALIZED_AUTOS = YES_AGGRESSIVE;
				GCC_WARN_UNUSED_FUNCTION = YES;
				GCC_WARN_UNUSED_VARIABLE = YES;
				MACOSX_DEPLOYMENT_TARGET = 10.12;
				MTL_ENABLE_DEBUG_INFO = YES;
				ONLY_ACTIVE_ARCH = YES;
				SDKROOT = macosx;
			};
			name = Debug;
		};
		D470215C1DD95D400010D7A2 /* Release */ = {
			isa = XCBuildConfiguration;
			buildSettings = {
				ALWAYS_SEARCH_USER_PATHS = NO;
				CLANG_ANALYZER_NONNULL = YES;
				CLANG_CXX_LANGUAGE_STANDARD = "gnu++0x";
				CLANG_CXX_LIBRARY = "libc++";
				CLANG_ENABLE_MODULES = YES;
				CLANG_ENABLE_OBJC_ARC = YES;
				CLANG_WARN_BOOL_CONVERSION = YES;
				CLANG_WARN_CONSTANT_CONVERSION = YES;
				CLANG_WARN_DIRECT_OBJC_ISA_USAGE = YES_ERROR;
				CLANG_WARN_DOCUMENTATION_COMMENTS = YES;
				CLANG_WARN_EMPTY_BODY = YES;
				CLANG_WARN_ENUM_CONVERSION = YES;
				CLANG_WARN_INFINITE_RECURSION = YES;
				CLANG_WARN_INT_CONVERSION = YES;
				CLANG_WARN_OBJC_ROOT_CLASS = YES_ERROR;
				CLANG_WARN_SUSPICIOUS_MOVES = YES;
				CLANG_WARN_UNREACHABLE_CODE = YES;
				CLANG_WARN__DUPLICATE_METHOD_MATCH = YES;
				CODE_SIGN_IDENTITY = "-";
				COPY_PHASE_STRIP = NO;
				DEBUG_INFORMATION_FORMAT = "dwarf-with-dsym";
				ENABLE_NS_ASSERTIONS = NO;
				ENABLE_STRICT_OBJC_MSGSEND = YES;
				GCC_C_LANGUAGE_STANDARD = gnu99;
				GCC_NO_COMMON_BLOCKS = YES;
				GCC_WARN_64_TO_32_BIT_CONVERSION = YES;
				GCC_WARN_ABOUT_RETURN_TYPE = YES_ERROR;
				GCC_WARN_UNDECLARED_SELECTOR = YES;
				GCC_WARN_UNINITIALIZED_AUTOS = YES_AGGRESSIVE;
				GCC_WARN_UNUSED_FUNCTION = YES;
				GCC_WARN_UNUSED_VARIABLE = YES;
				MACOSX_DEPLOYMENT_TARGET = 10.12;
				MTL_ENABLE_DEBUG_INFO = NO;
				SDKROOT = macosx;
			};
			name = Release;
		};
		D470215E1DD95D400010D7A2 /* Debug */ = {
			isa = XCBuildConfiguration;
			buildSettings = {
				PRODUCT_NAME = "$(TARGET_NAME)";
			};
			name = Debug;
		};
		D470215F1DD95D400010D7A2 /* Release */ = {
			isa = XCBuildConfiguration;
			buildSettings = {
				PRODUCT_NAME = "$(TARGET_NAME)";
			};
			name = Release;
		};
/* End XCBuildConfiguration section */

/* Begin XCConfigurationList section */
		D47021511DD95D400010D7A2 /* Build configuration list for PBXProject "Car Dealership Lab" */ = {
			isa = XCConfigurationList;
			buildConfigurations = (
				D470215B1DD95D400010D7A2 /* Debug */,
				D470215C1DD95D400010D7A2 /* Release */,
			);
			defaultConfigurationIsVisible = 0;
			defaultConfigurationName = Release;
		};
		D470215D1DD95D400010D7A2 /* Build configuration list for PBXNativeTarget "Car Dealership Lab" */ = {
			isa = XCConfigurationList;
			buildConfigurations = (
				D470215E1DD95D400010D7A2 /* Debug */,
				D470215F1DD95D400010D7A2 /* Release */,
			);
			defaultConfigurationIsVisible = 0;
		};
/* End XCConfigurationList section */
	};
	rootObject = D470214E1DD95D400010D7A2 /* Project object */;
}
